
Microsoft Visual Studio Solution File, Format Version 12.00
# Visual Studio Version 17
VisualStudioVersion = 17.2.32616.157
MinimumVisualStudioVersion = 10.0.40219.1
Project("{FAE04EC0-301F-11D3-BF4B-00C04F79EFBC}") = "WebApplication2", "WebApplication2\WebApplication2.csproj", "{EC321555-96DB-46B3-BE79-795EFA47FEDD}"
EndProject
Global
	GlobalSection(SolutionConfigurationPlatforms) = preSolution
		Debug|Any CPU = Debug|Any CPU
		Release|Any CPU = Release|Any CPU
	EndGlobalSection
	GlobalSection(ProjectConfigurationPlatforms) = postSolution
		{EC321555-96DB-46B3-BE79-795EFA47FEDD}.Debug|Any CPU.ActiveCfg = Debug|Any CPU
		{EC321555-96DB-46B3-BE79-795EFA47FEDD}.Debug|Any CPU.Build.0 = Debug|Any CPU
		{EC321555-96DB-46B3-BE79-795EFA47FEDD}.Release|Any CPU.ActiveCfg = Release|Any CPU
		{EC321555-96DB-46B3-BE79-795EFA47FEDD}.Release|Any CPU.Build.0 = Release|Any CPU
	EndGlobalSection
	GlobalSection(SolutionProperties) = preSolution
		HideSolutionNode = FALSE
	EndGlobalSection
	GlobalSection(ExtensibilityGlobals) = postSolution
		SolutionGuid = {90A4AE2D-9A36-4328-8864-9A71BD0E1C61}
	EndGlobalSection
EndGlobal
